Microsoft Visual Studio Solution File, Format Version 12.00
# Visual Studio Version 17
VisualStudioVersion = 17.5.2.0
MinimumVisualStudioVersion = 10.0.40219.1
Project("{FAE04EC0-301F-11D3-BF4B-00C04F79EFBC}") = "Crypto Data Pipeline", "Crypto Data Pipeline.csproj", "{0DFACC2D-1478-00B9-5B91-8C21EB4C6AD1}"
EndProject
Global
	GlobalSection(SolutionConfigurationPlatforms) = preSolution
		Debug|Any CPU = Debug|Any CPU
		Release|Any CPU = Release|Any CPU
	EndGlobalSection
	GlobalSection(ProjectConfigurationPlatforms) = postSolution
		{0DFACC2D-1478-00B9-5B91-8C21EB4C6AD1}.Debug|Any CPU.ActiveCfg = Debug|Any CPU
		{0DFACC2D-1478-00B9-5B91-8C21EB4C6AD1}.Debug|Any CPU.Build.0 = Debug|Any CPU
		{0DFACC2D-1478-00B9-5B91-8C21EB4C6AD1}.Release|Any CPU.ActiveCfg = Release|Any CPU
		{0DFACC2D-1478-00B9-5B91-8C21EB4C6AD1}.Release|Any CPU.Build.0 = Release|Any CPU
	EndGlobalSection
	GlobalSection(SolutionProperties) = preSolution
		HideSolutionNode = FALSE
	EndGlobalSection
	GlobalSection(ExtensibilityGlobals) = postSolution
		SolutionGuid = {F931F69E-A417-4BF2-8A90-1DE9376A6646}
	EndGlobalSection
EndGlobal
